
Microsoft Visual Studio Solution File, Format Version 12.00
# Visual Studio 2017
Project("{FAE04EC0-301F-11D3-BF4B-00C04F79EFBC}") = "AR_buddiesGround", "AR_buddiesGround.csproj", "{81C79803-A8C5-9DB8-8ECB-17926AD79C0A}"
EndProject
Project("{FAE04EC0-301F-11D3-BF4B-00C04F79EFBC}") = "AR_buddiesGround.Editor", "AR_buddiesGround.Editor.csproj", "{6C461490-A4CA-6197-1BA1-D8E4DC540559}"
EndProject
Global
	GlobalSection(SolutionConfigurationPlatforms) = preSolution
		Debug|Any CPU = Debug|Any CPU
		Release|Any CPU = Release|Any CPU
	EndGlobalSection
	GlobalSection(ProjectConfigurationPlatforms) = postSolution
		{81C79803-A8C5-9DB8-8ECB-17926AD79C0A}.Debug|Any CPU.ActiveCfg = Debug|Any CPU
		{81C79803-A8C5-9DB8-8ECB-17926AD79C0A}.Debug|Any CPU.Build.0 = Debug|Any CPU
		{81C79803-A8C5-9DB8-8ECB-17926AD79C0A}.Release|Any CPU.ActiveCfg = Release|Any CPU
		{81C79803-A8C5-9DB8-8ECB-17926AD79C0A}.Release|Any CPU.Build.0 = Release|Any CPU
		{6C461490-A4CA-6197-1BA1-D8E4DC540559}.Debug|Any CPU.ActiveCfg = Debug|Any CPU
		{6C461490-A4CA-6197-1BA1-D8E4DC540559}.Debug|Any CPU.Build.0 = Debug|Any CPU
		{6C461490-A4CA-6197-1BA1-D8E4DC540559}.Release|Any CPU.ActiveCfg = Release|Any CPU
		{6C461490-A4CA-6197-1BA1-D8E4DC540559}.Release|Any CPU.Build.0 = Release|Any CPU
	EndGlobalSection
	GlobalSection(SolutionProperties) = preSolution
		HideSolutionNode = FALSE
	EndGlobalSection
EndGlobal
